
Microsoft Visual Studio Solution File, Format Version 12.00
# Visual Studio 15
Project("{FAE04EC0-301F-11D3-BF4B-00C04F79EFBC}") = "QPlanAPI", "QPlanAPI\QPlanAPI.csproj", "{85FA24E1-5CB7-43EB-AB29-B4E9E1C398DC}"
EndProject
Project("{FAE04EC0-301F-11D3-BF4B-00C04F79EFBC}") = "QPlanAPI.Core", "QPlanAPI.Core\QPlanAPI.Core.csproj", "{8862E391-0367-4BAA-A657-4592C6659CB0}"
EndProject
Project("{FAE04EC0-301F-11D3-BF4B-00C04F79EFBC}") = "QPlanAPI.Infrastructure", "QPlanAPI.Infrastructure\QPlanAPI.Infrastructure.csproj", "{9FE41670-224A-418E-8E71-BCF1EEE39582}"
EndProject
Project("{FAE04EC0-301F-11D3-BF4B-00C04F79EFBC}") = "QPlanAPI.Domain", "QPlanAPI.Domain\QPlanAPI.Domain.csproj", "{6E7474B0-EEED-4853-AA97-2D6A62B2C72F}"
EndProject
Project("{FAE04EC0-301F-11D3-BF4B-00C04F79EFBC}") = "QPlanAPI.DataAccess", "QPlanAPI.DataAccess\QPlanAPI.DataAccess.csproj", "{0D227714-5FAC-488E-8B7B-F08E9D78067B}"
EndProject
Project("{FAE04EC0-301F-11D3-BF4B-00C04F79EFBC}") = "QPlanAPI.Test", "QPlanAPI.Test\QPlanAPI.Test.csproj", "{34B03821-95C0-4882-A8D1-096FA8FE9AE0}"
EndProject
Global
	GlobalSection(SolutionConfigurationPlatforms) = preSolution
		Debug|Any CPU = Debug|Any CPU
		Release|Any CPU = Release|Any CPU
	EndGlobalSection
	GlobalSection(ProjectConfigurationPlatforms) = postSolution
		{85FA24E1-5CB7-43EB-AB29-B4E9E1C398DC}.Debug|Any CPU.ActiveCfg = Debug|Any CPU
		{85FA24E1-5CB7-43EB-AB29-B4E9E1C398DC}.Debug|Any CPU.Build.0 = Debug|Any CPU
		{85FA24E1-5CB7-43EB-AB29-B4E9E1C398DC}.Release|Any CPU.ActiveCfg = Release|Any CPU
		{85FA24E1-5CB7-43EB-AB29-B4E9E1C398DC}.Release|Any CPU.Build.0 = Release|Any CPU
		{8862E391-0367-4BAA-A657-4592C6659CB0}.Debug|Any CPU.ActiveCfg = Debug|Any CPU
		{8862E391-0367-4BAA-A657-4592C6659CB0}.Debug|Any CPU.Build.0 = Debug|Any CPU
		{8862E391-0367-4BAA-A657-4592C6659CB0}.Release|Any CPU.ActiveCfg = Release|Any CPU
		{8862E391-0367-4BAA-A657-4592C6659CB0}.Release|Any CPU.Build.0 = Release|Any CPU
		{9FE41670-224A-418E-8E71-BCF1EEE39582}.Debug|Any CPU.ActiveCfg = Debug|Any CPU
		{9FE41670-224A-418E-8E71-BCF1EEE39582}.Debug|Any CPU.Build.0 = Debug|Any CPU
		{9FE41670-224A-418E-8E71-BCF1EEE39582}.Release|Any CPU.ActiveCfg = Release|Any CPU
		{9FE41670-224A-418E-8E71-BCF1EEE39582}.Release|Any CPU.Build.0 = Release|Any CPU
		{6E7474B0-EEED-4853-AA97-2D6A62B2C72F}.Debug|Any CPU.ActiveCfg = Debug|Any CPU
		{6E7474B0-EEED-4853-AA97-2D6A62B2C72F}.Debug|Any CPU.Build.0 = Debug|Any CPU
		{6E7474B0-EEED-4853-AA97-2D6A62B2C72F}.Release|Any CPU.ActiveCfg = Release|Any CPU
		{6E7474B0-EEED-4853-AA97-2D6A62B2C72F}.Release|Any CPU.Build.0 = Release|Any CPU
		{0D227714-5FAC-488E-8B7B-F08E9D78067B}.Debug|Any CPU.ActiveCfg = Debug|Any CPU
		{0D227714-5FAC-488E-8B7B-F08E9D78067B}.Debug|Any CPU.Build.0 = Debug|Any CPU
		{0D227714-5FAC-488E-8B7B-F08E9D78067B}.Release|Any CPU.ActiveCfg = Release|Any CPU
		{0D227714-5FAC-488E-8B7B-F08E9D78067B}.Release|Any CPU.Build.0 = Release|Any CPU
		{34B03821-95C0-4882-A8D1-096FA8FE9AE0}.Debug|Any CPU.ActiveCfg = Debug|Any CPU
		{34B03821-95C0-4882-A8D1-096FA8FE9AE0}.Debug|Any CPU.Build.0 = Debug|Any CPU
		{34B03821-95C0-4882-A8D1-096FA8FE9AE0}.Release|Any CPU.ActiveCfg = Release|Any CPU
		{34B03821-95C0-4882-A8D1-096FA8FE9AE0}.Release|Any CPU.Build.0 = Release|Any CPU
	EndGlobalSection
EndGlobal
